
Microsoft Visual Studio Solution File, Format Version 12.00
# Visual Studio Version 17
VisualStudioVersion = 17.6.33723.286
MinimumVisualStudioVersion = 10.0.40219.1
Project("{9A19103F-16F7-4668-BE54-9A1E7A4F7556}") = "API", "Images\API.csproj", "{30B00ED3-BE8B-495D-BFA5-E6B1E1456339}"
EndProject
Project("{FAE04EC0-301F-11D3-BF4B-00C04F79EFBC}") = "Dal", "Dal\Dal.csproj", "{F2EE3133-D295-4930-B519-724FAF15B1BC}"
EndProject
Project("{FAE04EC0-301F-11D3-BF4B-00C04F79EFBC}") = "Entity", "Entity\Entity.csproj", "{9D1D23CF-53FD-47B0-9CD3-0012E29E9664}"
EndProject
Global
	GlobalSection(SolutionConfigurationPlatforms) = preSolution
		Debug|Any CPU = Debug|Any CPU
		Release|Any CPU = Release|Any CPU
	EndGlobalSection
	GlobalSection(ProjectConfigurationPlatforms) = postSolution
		{30B00ED3-BE8B-495D-BFA5-E6B1E1456339}.Debug|Any CPU.ActiveCfg = Debug|Any CPU
		{30B00ED3-BE8B-495D-BFA5-E6B1E1456339}.Debug|Any CPU.Build.0 = Debug|Any CPU
		{30B00ED3-BE8B-495D-BFA5-E6B1E1456339}.Release|Any CPU.ActiveCfg = Release|Any CPU
		{30B00ED3-BE8B-495D-BFA5-E6B1E1456339}.Release|Any CPU.Build.0 = Release|Any CPU
		{F2EE3133-D295-4930-B519-724FAF15B1BC}.Debug|Any CPU.ActiveCfg = Debug|Any CPU
		{F2EE3133-D295-4930-B519-724FAF15B1BC}.Debug|Any CPU.Build.0 = Debug|Any CPU
		{F2EE3133-D295-4930-B519-724FAF15B1BC}.Release|Any CPU.ActiveCfg = Release|Any CPU
		{F2EE3133-D295-4930-B519-724FAF15B1BC}.Release|Any CPU.Build.0 = Release|Any CPU
		{9D1D23CF-53FD-47B0-9CD3-0012E29E9664}.Debug|Any CPU.ActiveCfg = Debug|Any CPU
		{9D1D23CF-53FD-47B0-9CD3-0012E29E9664}.Debug|Any CPU.Build.0 = Debug|Any CPU
		{9D1D23CF-53FD-47B0-9CD3-0012E29E9664}.Release|Any CPU.ActiveCfg = Release|Any CPU
		{9D1D23CF-53FD-47B0-9CD3-0012E29E9664}.Release|Any CPU.Build.0 = Release|Any CPU
	EndGlobalSection
	GlobalSection(SolutionProperties) = preSolution
		HideSolutionNode = FALSE
	EndGlobalSection
	GlobalSection(ExtensibilityGlobals) = postSolution
		SolutionGuid = {DF972613-C536-47D5-91D0-A661914E2B30}
	EndGlobalSection
EndGlobal
